# This file is automatically @generated by Poetry 1.8.3 and should not be changed by hand.

[[package]]
name = "asttokens"
version = "2.4.1"
description = "Annotate AST trees with source code positions"
optional = false
python-versions = "*"
files = [
    {file = "asttokens-2.4.1-py2.py3-none-any.whl", hash = "sha256:051ed49c3dcae8913ea7cd08e46a606dba30b79993209636c4875bc1d637bc24"},
    {file = "asttokens-2.4.1.tar.gz", hash = "sha256:b03869718ba9a6eb027e134bfdf69f38a236d681c83c160d510768af11254ba0"},
]

[package.dependencies]
six = ">=1.12.0"

[package.extras]
astroid = ["astroid (>=1,<2)", "astroid (>=2,<4)"]
test = ["astroid (>=1,<2)", "astroid (>=2,<4)", "pytest"]

[[package]]
name = "colorama"
version = "0.4.6"
description = "Cross-platform colored terminal text."
optional = false
python-versions = "!=3.0.*,!=3.1.*,!=3.2.*,!=3.3.*,!=3.4.*,!=3.5.*,!=3.6.*,>=2.7"
files = [
    {file = "colorama-0.4.6-py2.py3-none-any.whl", hash = "sha256:4f1d9991f5acc0ca119f9d443620b77f9d6b33703e51011c16baf57afb285fc6"},
    {file = "colorama-0.4.6.tar.gz", hash = "sha256:08695f5cb7ed6e0531a20572697297273c47b8cae5a63ffc6d6ed5c201be6e44"},
]

[[package]]
name = "ctype"
version = "7.4.2"
description = "Interact with cython, python, ctypes, and use other c/c++ tools"
optional = false
python-versions = ">=3.7"
files = [
    {file = "ctype-7.4.2-py3-none-any.whl", hash = "sha256:f223242977c2d2e803f8946d0d668333461dc023431f9653a592c64acf79c58a"},
    {file = "ctype-7.4.2.tar.gz", hash = "sha256:9482457b15e1efff6af7b43df5a68d6578910fe3d19938b3b6b7682ab96bf6e7"},
]

[[package]]
name = "decorator"
version = "5.1.1"
description = "Decorators for Humans"
optional = false
python-versions = ">=3.5"
files = [
    {file = "decorator-5.1.1-py3-none-any.whl", hash = "sha256:b8c3f85900b9dc423225913c5aace94729fe1fa9763b38939a95226f02d37186"},
    {file = "decorator-5.1.1.tar.gz", hash = "sha256:637996211036b6385ef91435e4fae22989472f9d571faba8927ba8253acbc330"},
]

[[package]]
name = "executing"
version = "2.0.1"
description = "Get the currently executing AST node of a frame, and other information"
optional = false
python-versions = ">=3.5"
files = [
    {file = "executing-2.0.1-py2.py3-none-any.whl", hash = "sha256:eac49ca94516ccc753f9fb5ce82603156e590b27525a8bc32cce8ae302eb61bc"},
    {file = "executing-2.0.1.tar.gz", hash = "sha256:35afe2ce3affba8ee97f2d69927fa823b08b472b7b994e36a52a964b93d16147"},
]

[package.extras]
tests = ["asttokens (>=2.1.0)", "coverage", "coverage-enable-subprocess", "ipython", "littleutils", "pytest", "rich"]

[[package]]
name = "ignr"
version = "2.2"
description = "Python command line client to download.gitignore templates from gitignore.io"
optional = false
python-versions = "*"
files = [
    {file = "ignr-2.2-py3-none-any.whl", hash = "sha256:e8b6276aedab79b066d795e6e4b3f7b4c5668b68bf50a6c4fbf2b0cd17dda1db"},
    {file = "ignr-2.2.tar.gz", hash = "sha256:382a81be67a34538a11ff8ab69063419b388cc32f01b4ace599c3f1c06526df4"},
]

[[package]]
name = "ipython"
version = "8.26.0"
description = "IPython: Productive Interactive Computing"
optional = false
python-versions = ">=3.10"
files = [
    {file = "ipython-8.26.0-py3-none-any.whl", hash = "sha256:e6b347c27bdf9c32ee9d31ae85defc525755a1869f14057e900675b9e8d6e6ff"},
    {file = "ipython-8.26.0.tar.gz", hash = "sha256:1cec0fbba8404af13facebe83d04436a7434c7400e59f47acf467c64abd0956c"},
]

[package.dependencies]
colorama = {version = "*", markers = "sys_platform == \"win32\""}
decorator = "*"
jedi = ">=0.16"
matplotlib-inline = "*"
pexpect = {version = ">4.3", markers = "sys_platform != \"win32\" and sys_platform != \"emscripten\""}
prompt-toolkit = ">=3.0.41,<3.1.0"
pygments = ">=2.4.0"
stack-data = "*"
traitlets = ">=5.13.0"

[package.extras]
all = ["ipython[black,doc,kernel,matplotlib,nbconvert,nbformat,notebook,parallel,qtconsole]", "ipython[test,test-extra]"]
black = ["black"]
doc = ["docrepr", "exceptiongroup", "intersphinx-registry", "ipykernel", "ipython[test]", "matplotlib", "setuptools (>=18.5)", "sphinx (>=1.3)", "sphinx-rtd-theme", "sphinxcontrib-jquery", "tomli", "typing-extensions"]
kernel = ["ipykernel"]
matplotlib = ["matplotlib"]
nbconvert = ["nbconvert"]
nbformat = ["nbformat"]
notebook = ["ipywidgets", "notebook"]
parallel = ["ipyparallel"]
qtconsole = ["qtconsole"]
test = ["packaging", "pickleshare", "pytest", "pytest-asyncio (<0.22)", "testpath"]
test-extra = ["curio", "ipython[test]", "matplotlib (!=3.2.0)", "nbformat", "numpy (>=1.23)", "pandas", "trio"]

[[package]]
name = "jedi"
version = "0.19.1"
description = "An autocompletion tool for Python that can be used for text editors."
optional = false
python-versions = ">=3.6"
files = [
    {file = "jedi-0.19.1-py2.py3-none-any.whl", hash = "sha256:e983c654fe5c02867aef4cdfce5a2fbb4a50adc0af145f70504238f18ef5e7e0"},
    {file = "jedi-0.19.1.tar.gz", hash = "sha256:cf0496f3651bc65d7174ac1b7d043eff454892c708a87d1b683e57b569927ffd"},
]

[package.dependencies]
parso = ">=0.8.3,<0.9.0"

[package.extras]
docs = ["Jinja2 (==2.11.3)", "MarkupSafe (==1.1.1)", "Pygments (==2.8.1)", "alabaster (==0.7.12)", "babel (==2.9.1)", "chardet (==4.0.0)", "commonmark (==0.8.1)", "docutils (==0.17.1)", "future (==0.18.2)", "idna (==2.10)", "imagesize (==1.2.0)", "mock (==1.0.1)", "packaging (==20.9)", "pyparsing (==2.4.7)", "pytz (==2021.1)", "readthedocs-sphinx-ext (==2.1.4)", "recommonmark (==0.5.0)", "requests (==2.25.1)", "six (==1.15.0)", "snowballstemmer (==2.1.0)", "sphinx (==1.8.5)", "sphinx-rtd-theme (==0.4.3)", "sphinxcontrib-serializinghtml (==1.1.4)", "sphinxcontrib-websupport (==1.2.4)", "urllib3 (==1.26.4)"]
qa = ["flake8 (==5.0.4)", "mypy (==0.971)", "types-setuptools (==67.2.0.1)"]
testing = ["Django", "attrs", "colorama", "docopt", "pytest (<7.0.0)"]

[[package]]
name = "matplotlib-inline"
version = "0.1.7"
description = "Inline Matplotlib backend for Jupyter"
optional = false
python-versions = ">=3.8"
files = [
    {file = "matplotlib_inline-0.1.7-py3-none-any.whl", hash = "sha256:df192d39a4ff8f21b1895d72e6a13f5fcc5099f00fa84384e0ea28c2cc0653ca"},
    {file = "matplotlib_inline-0.1.7.tar.gz", hash = "sha256:8423b23ec666be3d16e16b60bdd8ac4e86e840ebd1dd11a30b9f117f2fa0ab90"},
]

[package.dependencies]
traitlets = "*"

[[package]]
name = "numpy"
version = "2.1.0"
description = "Fundamental package for array computing in Python"
optional = false
python-versions = ">=3.10"
files = [
    {file = "numpy-2.1.0-cp310-cp310-macosx_10_9_x86_64.whl", hash = "sha256:6326ab99b52fafdcdeccf602d6286191a79fe2fda0ae90573c5814cd2b0bc1b8"},
    {file = "numpy-2.1.0-cp310-cp310-macosx_11_0_arm64.whl", hash = "sha256:0937e54c09f7a9a68da6889362ddd2ff584c02d015ec92672c099b61555f8911"},
    {file = "numpy-2.1.0-cp310-cp310-macosx_14_0_arm64.whl", hash = "sha256:30014b234f07b5fec20f4146f69e13cfb1e33ee9a18a1879a0142fbb00d47673"},
    {file = "numpy-2.1.0-cp310-cp310-macosx_14_0_x86_64.whl", hash = "sha256:899da829b362ade41e1e7eccad2cf274035e1cb36ba73034946fccd4afd8606b"},
    {file = "numpy-2.1.0-cp310-cp310-manylinux_2_17_aarch64.manylinux2014_aarch64.whl", hash = "sha256:08801848a40aea24ce16c2ecde3b756f9ad756586fb2d13210939eb69b023f5b"},
    {file = "numpy-2.1.0-cp310-cp310-manylinux_2_17_x86_64.manylinux2014_x86_64.whl", hash = "sha256:398049e237d1aae53d82a416dade04defed1a47f87d18d5bd615b6e7d7e41d1f"},
    {file = "numpy-2.1.0-cp310-cp310-musllinux_1_1_x86_64.whl", hash = "sha256:0abb3916a35d9090088a748636b2c06dc9a6542f99cd476979fb156a18192b84"},
    {file = "numpy-2.1.0-cp310-cp310-musllinux_1_2_aarch64.whl", hash = "sha256:10e2350aea18d04832319aac0f887d5fcec1b36abd485d14f173e3e900b83e33"},
    {file = "numpy-2.1.0-cp310-cp310-win32.whl", hash = "sha256:f6b26e6c3b98adb648243670fddc8cab6ae17473f9dc58c51574af3e64d61211"},
    {file = "numpy-2.1.0-cp310-cp310-win_amd64.whl", hash = "sha256:f505264735ee074250a9c78247ee8618292091d9d1fcc023290e9ac67e8f1afa"},
    {file = "numpy-2.1.0-cp311-cp311-macosx_10_9_x86_64.whl", hash = "sha256:76368c788ccb4f4782cf9c842b316140142b4cbf22ff8db82724e82fe1205dce"},
    {file = "numpy-2.1.0-cp311-cp311-macosx_14_0_arm64.whl", hash = "sha256:f8e93a01a35be08d31ae33021e5268f157a2d60ebd643cfc15de6ab8e4722eb1"},
    {file = "numpy-2.1.0-cp311-cp311-macosx_14_0_x86_64.whl", hash = "sha256:9523f8b46485db6939bd069b28b642fec86c30909cea90ef550373787f79530e"},
    {file = "numpy-2.1.0-cp311-cp311-manylinux_2_17_aarch64.manylinux2014_aarch64.whl", hash = "sha256:54139e0eb219f52f60656d163cbe67c31ede51d13236c950145473504fa208cb"},
    {file = "numpy-2.1.0-cp311-cp311-manylinux_2_17_x86_64.manylinux2014_x86_64.whl", hash = "sha256:f5ebbf9fbdabed208d4ecd2e1dfd2c0741af2f876e7ae522c2537d404ca895c3"},
    {file = "numpy-2.1.0-cp311-cp311-musllinux_1_1_x86_64.whl", hash = "sha256:378cb4f24c7d93066ee4103204f73ed046eb88f9ad5bb2275bb9fa0f6a02bd36"},
    {file = "numpy-2.1.0-cp311-cp311-musllinux_1_2_aarch64.whl", hash = "sha256:d8f699a709120b220dfe173f79c73cb2a2cab2c0b88dd59d7b49407d032b8ebd"},
    {file = "numpy-2.1.0-cp311-cp311-win32.whl", hash = "sha256:ffbd6faeb190aaf2b5e9024bac9622d2ee549b7ec89ef3a9373fa35313d44e0e"},
    {file = "numpy-2.1.0-cp311-cp311-win_amd64.whl", hash = "sha256:0af3a5987f59d9c529c022c8c2a64805b339b7ef506509fba7d0556649b9714b"},
    {file = "numpy-2.1.0-cp312-cp312-macosx_10_9_x86_64.whl", hash = "sha256:fe76d75b345dc045acdbc006adcb197cc680754afd6c259de60d358d60c93736"},
    {file = "numpy-2.1.0-cp312-cp312-macosx_11_0_arm64.whl", hash = "sha256:f358ea9e47eb3c2d6eba121ab512dfff38a88db719c38d1e67349af210bc7529"},
    {file = "numpy-2.1.0-cp312-cp312-macosx_14_0_arm64.whl", hash = "sha256:dd94ce596bda40a9618324547cfaaf6650b1a24f5390350142499aa4e34e53d1"},
    {file = "numpy-2.1.0-cp312-cp312-macosx_14_0_x86_64.whl", hash = "sha256:b47c551c6724960479cefd7353656498b86e7232429e3a41ab83be4da1b109e8"},
    {file = "numpy-2.1.0-cp312-cp312-manylinux_2_17_aarch64.manylinux2014_aarch64.whl", hash = "sha256:a0756a179afa766ad7cb6f036de622e8a8f16ffdd55aa31f296c870b5679d745"},
    {file = "numpy-2.1.0-cp312-cp312-manylinux_2_17_x86_64.manylinux2014_x86_64.whl", hash = "sha256:24003ba8ff22ea29a8c306e61d316ac74111cebf942afbf692df65509a05f111"},
    {file = "numpy-2.1.0-cp312-cp312-musllinux_1_1_x86_64.whl", hash = "sha256:b34fa5e3b5d6dc7e0a4243fa0f81367027cb6f4a7215a17852979634b5544ee0"},
    {file = "numpy-2.1.0-cp312-cp312-musllinux_1_2_aarch64.whl", hash = "sha256:c4f982715e65036c34897eb598d64aef15150c447be2cfc6643ec7a11af06574"},
    {file = "numpy-2.1.0-cp312-cp312-win32.whl", hash = "sha256:c4cd94dfefbefec3f8b544f61286584292d740e6e9d4677769bc76b8f41deb02"},
    {file = "numpy-2.1.0-cp312-cp312-win_amd64.whl", hash = "sha256:a0cdef204199278f5c461a0bed6ed2e052998276e6d8ab2963d5b5c39a0500bc"},
    {file = "numpy-2.1.0-cp313-cp313-macosx_10_13_x86_64.whl", hash = "sha256:8ab81ccd753859ab89e67199b9da62c543850f819993761c1e94a75a814ed667"},
    {file = "numpy-2.1.0-cp313-cp313-macosx_11_0_arm64.whl", hash = "sha256:442596f01913656d579309edcd179a2a2f9977d9a14ff41d042475280fc7f34e"},
    {file = "numpy-2.1.0-cp313-cp313-macosx_14_0_arm64.whl", hash = "sha256:848c6b5cad9898e4b9ef251b6f934fa34630371f2e916261070a4eb9092ffd33"},
    {file = "numpy-2.1.0-cp313-cp313-macosx_14_0_x86_64.whl", hash = "sha256:54c6a63e9d81efe64bfb7bcb0ec64332a87d0b87575f6009c8ba67ea6374770b"},
    {file = "numpy-2.1.0-cp313-cp313-manylinux_2_17_aarch64.manylinux2014_aarch64.whl", hash = "sha256:652e92fc409e278abdd61e9505649e3938f6d04ce7ef1953f2ec598a50e7c195"},
]

[[package]]
name = "opencv-python"
version = "4.10.0.84"
description = "Wrapper package for OpenCV python bindings."
optional = false
python-versions = ">=3.6"
files = [
    {file = "opencv-python-4.10.0.84.tar.gz", hash = "sha256:72d234e4582e9658ffea8e9cae5b63d488ad06994ef12d81dc303b17472f3526"},
    {file = "opencv_python-4.10.0.84-cp37-abi3-macosx_11_0_arm64.whl", hash = "sha256:fc182f8f4cda51b45f01c64e4cbedfc2f00aff799debebc305d8d0210c43f251"},
    {file = "opencv_python-4.10.0.84-cp37-abi3-macosx_12_0_x86_64.whl", hash = "sha256:71e575744f1d23f79741450254660442785f45a0797212852ee5199ef12eed98"},
    {file = "opencv_python-4.10.0.84-cp37-abi3-manylinux_2_17_aarch64.manylinux2014_aarch64.whl", hash = "sha256:09a332b50488e2dda866a6c5573ee192fe3583239fb26ff2f7f9ceb0bc119ea6"},
    {file = "opencv_python-4.10.0.84-cp37-abi3-manylinux_2_17_x86_64.manylinux2014_x86_64.whl", hash = "sha256:9ace140fc6d647fbe1c692bcb2abce768973491222c067c131d80957c595b71f"},
    {file = "opencv_python-4.10.0.84-cp37-abi3-win32.whl", hash = "sha256:2db02bb7e50b703f0a2d50c50ced72e95c574e1e5a0bb35a8a86d0b35c98c236"},
    {file = "opencv_python-4.10.0.84-cp37-abi3-win_amd64.whl", hash = "sha256:32dbbd94c26f611dc5cc6979e6b7aa1f55a64d6b463cc1dcd3c95505a63e48fe"},
]

[package.dependencies]
numpy = {version = ">=1.26.0", markers = "python_version >= \"3.12\""}

[[package]]
name = "parso"
version = "0.8.4"
description = "A Python Parser"
optional = false
python-versions = ">=3.6"
files = [
    {file = "parso-0.8.4-py2.py3-none-any.whl", hash = "sha256:a418670a20291dacd2dddc80c377c5c3791378ee1e8d12bffc35420643d43f18"},
    {file = "parso-0.8.4.tar.gz", hash = "sha256:eb3a7b58240fb99099a345571deecc0f9540ea5f4dd2fe14c2a99d6b281ab92d"},
]

[package.extras]
qa = ["flake8 (==5.0.4)", "mypy (==0.971)", "types-setuptools (==67.2.0.1)"]
testing = ["docopt", "pytest"]

[[package]]
name = "pexpect"
version = "4.9.0"
description = "Pexpect allows easy control of interactive console applications."
optional = false
python-versions = "*"
files = [
    {file = "pexpect-4.9.0-py2.py3-none-any.whl", hash = "sha256:7236d1e080e4936be2dc3e326cec0af72acf9212a7e1d060210e70a47e253523"},
    {file = "pexpect-4.9.0.tar.gz", hash = "sha256:ee7d41123f3c9911050ea2c2dac107568dc43b2d3b0c7557a33212c398ead30f"},
]

[package.dependencies]
ptyprocess = ">=0.5"

[[package]]
name = "prompt-toolkit"
version = "3.0.47"
description = "Library for building powerful interactive command lines in Python"
optional = false
python-versions = ">=3.7.0"
files = [
    {file = "prompt_toolkit-3.0.47-py3-none-any.whl", hash = "sha256:0d7bfa67001d5e39d02c224b663abc33687405033a8c422d0d675a5a13361d10"},
    {file = "prompt_toolkit-3.0.47.tar.gz", hash = "sha256:1e1b29cb58080b1e69f207c893a1a7bf16d127a5c30c9d17a25a5d77792e5360"},
]

[package.dependencies]
wcwidth = "*"

[[package]]
name = "ptyprocess"
version = "0.7.0"
description = "Run a subprocess in a pseudo terminal"
optional = false
python-versions = "*"
files = [
    {file = "ptyprocess-0.7.0-py2.py3-none-any.whl", hash = "sha256:4b41f3967fce3af57cc7e94b888626c18bf37a083e3651ca8feeb66d492fef35"},
    {file = "ptyprocess-0.7.0.tar.gz", hash = "sha256:5c5d0a3b48ceee0b48485e0c26037c0acd7d29765ca3fbb5cb3831d347423220"},
]

[[package]]
name = "pure-eval"
version = "0.2.3"
description = "Safely evaluate AST nodes without side effects"
optional = false
python-versions = "*"
files = [
    {file = "pure_eval-0.2.3-py3-none-any.whl", hash = "sha256:1db8e35b67b3d218d818ae653e27f06c3aa420901fa7b081ca98cbedc874e0d0"},
    {file = "pure_eval-0.2.3.tar.gz", hash = "sha256:5f4e983f40564c576c7c8635ae88db5956bb2229d7e9237d03b3c0b0190eaf42"},
]

[package.extras]
tests = ["pytest"]

[[package]]
name = "pygments"
version = "2.18.0"
description = "Pygments is a syntax highlighting package written in Python."
optional = false
python-versions = ">=3.8"
files = [
    {file = "pygments-2.18.0-py3-none-any.whl", hash = "sha256:b8e6aca0523f3ab76fee51799c488e38782ac06eafcf95e7ba832985c8e7b13a"},
    {file = "pygments-2.18.0.tar.gz", hash = "sha256:786ff802f32e91311bff3889f6e9a86e81505fe99f2735bb6d60ae0c5004f199"},
]

[package.extras]
windows-terminal = ["colorama (>=0.4.6)"]

[[package]]
name = "six"
version = "1.16.0"
description = "Python 2 and 3 compatibility utilities"
optional = false
python-versions = ">=2.7, !=3.0.*, !=3.1.*, !=3.2.*"
files = [
    {file = "six-1.16.0-py2.py3-none-any.whl", hash = "sha256:8abb2f1d86890a2dfb989f9a77cfcfd3e47c2a354b01111771326f8aa26e0254"},
    {file = "six-1.16.0.tar.gz", hash = "sha256:1e61c37477a1626458e36f7b1d82aa5c9b094fa4802892072e49de9c60c4c926"},
]

[[package]]
name = "stack-data"
version = "0.6.3"
description = "Extract data from python stack frames and tracebacks for informative displays"
optional = false
python-versions = "*"
files = [
    {file = "stack_data-0.6.3-py3-none-any.whl", hash = "sha256:d5558e0c25a4cb0853cddad3d77da9891a08cb85dd9f9f91b9f8cd66e511e695"},
    {file = "stack_data-0.6.3.tar.gz", hash = "sha256:836a778de4fec4dcd1dcd89ed8abff8a221f58308462e1c4aa2a3cf30148f0b9"},
]

[package.dependencies]
asttokens = ">=2.1.0"
executing = ">=1.2.0"
pure-eval = "*"

[package.extras]
tests = ["cython", "littleutils", "pygments", "pytest", "typeguard"]

[[package]]
name = "traitlets"
version = "5.14.3"
description = "Traitlets Python configuration system"
optional = false
python-versions = ">=3.8"
files = [
    {file = "traitlets-5.14.3-py3-none-any.whl", hash = "sha256:b74e89e397b1ed28cc831db7aea759ba6640cb3de13090ca145426688ff1ac4f"},
    {file = "traitlets-5.14.3.tar.gz", hash = "sha256:9ed0579d3502c94b4b3732ac120375cda96f923114522847de4b3bb98b96b6b7"},
]

[package.extras]
docs = ["myst-parser", "pydata-sphinx-theme", "sphinx"]
test = ["argcomplete (>=3.0.3)", "mypy (>=1.7.0)", "pre-commit", "pytest (>=7.0,<8.2)", "pytest-mock", "pytest-mypy-testing"]

[[package]]
name = "wcwidth"
version = "0.2.13"
description = "Measures the displayed width of unicode strings in a terminal"
optional = false
python-versions = "*"
files = [
    {file = "wcwidth-0.2.13-py2.py3-none-any.whl", hash = "sha256:3da69048e4540d84af32131829ff948f1e022c1c6bdb8d6102117aac784f6859"},
    {file = "wcwidth-0.2.13.tar.gz", hash = "sha256:72ea0c06399eb286d978fdedb6923a9eb47e1c486ce63e9b4e64fc18303972b5"},
]

[metadata]
lock-version = "2.0"
python-versions = "^3.12"
content-hash = "2ca40d3204ff99bae0f761876fb7861cb816382f6d8a71eece9f21753847eedd"
